
Microsoft Visual Studio Solution File, Format Version 12.00
# Visual Studio 15
VisualStudioVersion = 15.0.28307.1705
MinimumVisualStudioVersion = 10.0.40219.1
Project("{8BC9CEB8-8B4A-11D0-8D11-00A0C91BC942}") = "p4", "p4\p4.vcxproj", "{26C04EB5-3079-47AF-B09D-1F986B3153B6}"
EndProject
Global
	GlobalSection(SolutionConfigurationPlatforms) = preSolution
		Debug|x64 = Debug|x64
		Debug|x86 = Debug|x86
		Release|x64 = Release|x64
		Release|x86 = Release|x86
	EndGlobalSection
	GlobalSection(ProjectConfigurationPlatforms) = postSolution
		{26C04EB5-3079-47AF-B09D-1F986B3153B6}.Debug|x64.ActiveCfg = Debug|x64
		{26C04EB5-3079-47AF-B09D-1F986B3153B6}.Debug|x64.Build.0 = Debug|x64
		{26C04EB5-3079-47AF-B09D-1F986B3153B6}.Debug|x86.ActiveCfg = Debug|Win32
		{26C04EB5-3079-47AF-B09D-1F986B3153B6}.Debug|x86.Build.0 = Debug|Win32
		{26C04EB5-3079-47AF-B09D-1F986B3153B6}.Release|x64.ActiveCfg = Release|x64
		{26C04EB5-3079-47AF-B09D-1F986B3153B6}.Release|x64.Build.0 = Release|x64
		{26C04EB5-3079-47AF-B09D-1F986B3153B6}.Release|x86.ActiveCfg = Release|Win32
		{26C04EB5-3079-47AF-B09D-1F986B3153B6}.Release|x86.Build.0 = Release|Win32
	EndGlobalSection
	GlobalSection(SolutionProperties) = preSolution
		HideSolutionNode = FALSE
	EndGlobalSection
	GlobalSection(ExtensibilityGlobals) = postSolution
		SolutionGuid = {23B4BE98-3DA9-4FC1-970B-789CD1D87899}
	EndGlobalSection
EndGlobal
