
Microsoft Visual Studio Solution File, Format Version 12.00
# Visual Studio 15
VisualStudioVersion = 15.0.28307.1705
MinimumVisualStudioVersion = 10.0.40219.1
Project("{8BC9CEB8-8B4A-11D0-8D11-00A0C91BC942}") = "p9", "p9\p9.vcxproj", "{933EA4A7-008D-4A57-8D83-F827909108B1}"
EndProject
Global
	GlobalSection(SolutionConfigurationPlatforms) = preSolution
		Debug|x64 = Debug|x64
		Debug|x86 = Debug|x86
		Release|x64 = Release|x64
		Release|x86 = Release|x86
	EndGlobalSection
	GlobalSection(ProjectConfigurationPlatforms) = postSolution
		{933EA4A7-008D-4A57-8D83-F827909108B1}.Debug|x64.ActiveCfg = Debug|x64
		{933EA4A7-008D-4A57-8D83-F827909108B1}.Debug|x64.Build.0 = Debug|x64
		{933EA4A7-008D-4A57-8D83-F827909108B1}.Debug|x86.ActiveCfg = Debug|Win32
		{933EA4A7-008D-4A57-8D83-F827909108B1}.Debug|x86.Build.0 = Debug|Win32
		{933EA4A7-008D-4A57-8D83-F827909108B1}.Release|x64.ActiveCfg = Release|x64
		{933EA4A7-008D-4A57-8D83-F827909108B1}.Release|x64.Build.0 = Release|x64
		{933EA4A7-008D-4A57-8D83-F827909108B1}.Release|x86.ActiveCfg = Release|Win32
		{933EA4A7-008D-4A57-8D83-F827909108B1}.Release|x86.Build.0 = Release|Win32
	EndGlobalSection
	GlobalSection(SolutionProperties) = preSolution
		HideSolutionNode = FALSE
	EndGlobalSection
	GlobalSection(ExtensibilityGlobals) = postSolution
		SolutionGuid = {9A9FDEB0-EE73-4171-AD4A-9C03B098F955}
	EndGlobalSection
EndGlobal
